{
  "name": "settings-application",
  "version": "1.0.0",
  "lockfileVersion": 3,
  "requires": true,
  "packages": {
    "": {
      "name": "settings-application",
      "version": "1.0.0",
      "dependencies": {
        "@osjs/gui": "^4.0.30",
        "deepmerge": "^4.2.2",
        "hyperapp": "^1.2.10"
      }
    },
    "node_modules/@osjs/gui": {
      "version": "4.1.0",
      "resolved": "https://registry.npmjs.org/@osjs/gui/-/gui-4.1.0.tgz",
      "integrity": "sha512-hXKOL2i1Ad42bDlK73PpC3mNTyMjfIYCm/ylTELpMlxsZK42mbUCB635SRAypMvjwReSQacy1raFJIhA7D0rAg==",
      "license": "BSD-2-Clause",
      "dependencies": {
        "hyperapp": "^1.2.10",
        "hyperapp-nestable": "^1.0.0"
      }
    },
    "node_modules/deepmerge": {
      "version": "4.3.1",
      "resolved": "https://registry.npmjs.org/deepmerge/-/deepmerge-4.3.1.tgz",
      "integrity": "sha512-3sUqbMEc77XqpdNO7FRyRog+eW3ph+GYCbj+rK+uYyRMuwsVy0rMiVtPn+QJlKFvWP/1PYpapqYn0Me2knFn+A==",
      "license": "MIT",
      "engines": {
        "node": ">=0.10.0"
      }
    },
    "node_modules/hyperapp": {
      "version": "1.2.10",
      "resolved": "https://registry.npmjs.org/hyperapp/-/hyperapp-1.2.10.tgz",
      "integrity": "sha512-6htzCy/Y9QiSXyUGgZhfTqW0NtK7uMlaGS2t/kARJifu5vR4FjMcfC/5lqVs2mLSZ6GdKLEPsMZOVBpHz5X/qg==",
      "deprecated": "The Times They Are a-Changin. Please upgrade to Hyperapp 2",
      "license": "MIT"
    },
    "node_modules/hyperapp-nestable": {
      "version": "1.1.0",
      "resolved": "https://registry.npmjs.org/hyperapp-nestable/-/hyperapp-nestable-1.1.0.tgz",
      "integrity": "sha512-OPlMismIwPyz2G5awZfZZECP1hGG4sucUTDKx/QjOEHouejgWjYHH6Hy9ou++aHmK/2f6VlzEbevf/iGYb4krg==",
      "license": "MIT",
      "peerDependencies": {
        "hyperapp": "1.1.x"
      }
    }
  }
}
